{
  "name": "code-spell-checker-latin",
  "version": "0.1.0",
  "lockfileVersion": 3,
  "requires": true,
  "packages": {
    "": {
      "name": "code-spell-checker-latin",
      "version": "0.1.0",
      "license": "GPL-3.0-or-later",
      "dependencies": {
        "@cspell/dict-la": "file:../../../cspell-dicts/dictionaries/la"
      },
      "engines": {
        "vscode": "^1.67.0"
      }
    },
    "../../../cspell-dicts/dictionaries/la": {
      "version": "1.0.0",
      "license": "GPL-3.0+",
      "devDependencies": {}
    },
    "node_modules/@cspell/dict-la": {
      "resolved": "../../../cspell-dicts/dictionaries/la",
      "link": true
    }
  }
}
